
Microsoft Visual Studio Solution File, Format Version 12.00
# Visual Studio Version 16
VisualStudioVersion = 16.0.32228.343
MinimumVisualStudioVersion = 10.0.40219.1
Project("{FAE04EC0-301F-11D3-BF4B-00C04F79EFBC}") = "MqttExample", "MqttExample\MqttExample.csproj", "{7EE6B94B-650C-4006-B6C1-1B19AD73D599}"
EndProject
Project("{FAE04EC0-301F-11D3-BF4B-00C04F79EFBC}") = "RabbitMQConsumer", "RabbitMQConsumer\RabbitMQConsumer.csproj", "{A9C26DA4-882C-4BAC-A9AD-F0164B19081B}"
EndProject
Project("{FAE04EC0-301F-11D3-BF4B-00C04F79EFBC}") = "RequestRabbitMQ", "RequestRabbitMQ\RequestRabbitMQ.csproj", "{61D4ED46-D394-4FBC-9A09-6B338B035C15}"
EndProject
Project("{FAE04EC0-301F-11D3-BF4B-00C04F79EFBC}") = "RequestRabbitMQTopicExchange", "RequestRabbitMQTopicExchange\RequestRabbitMQTopicExchange.csproj", "{F7B6159D-2E1E-4566-893C-54E95A5A2B7A}"
EndProject
Project("{FAE04EC0-301F-11D3-BF4B-00C04F79EFBC}") = "RabbitMQConsumerTopicExchange", "RabbitMQConsumerTopicExchange\RabbitMQConsumerTopicExchange.csproj", "{4EF784CF-2679-4072-9019-68A5A48E8A7E}"
EndProject
Global
	GlobalSection(SolutionConfigurationPlatforms) = preSolution
		Debug|Any CPU = Debug|Any CPU
		Release|Any CPU = Release|Any CPU
	EndGlobalSection
	GlobalSection(ProjectConfigurationPlatforms) = postSolution
		{7EE6B94B-650C-4006-B6C1-1B19AD73D599}.Debug|Any CPU.ActiveCfg = Debug|Any CPU
		{7EE6B94B-650C-4006-B6C1-1B19AD73D599}.Debug|Any CPU.Build.0 = Debug|Any CPU
		{7EE6B94B-650C-4006-B6C1-1B19AD73D599}.Release|Any CPU.ActiveCfg = Release|Any CPU
		{7EE6B94B-650C-4006-B6C1-1B19AD73D599}.Release|Any CPU.Build.0 = Release|Any CPU
		{A9C26DA4-882C-4BAC-A9AD-F0164B19081B}.Debug|Any CPU.ActiveCfg = Debug|Any CPU
		{A9C26DA4-882C-4BAC-A9AD-F0164B19081B}.Debug|Any CPU.Build.0 = Debug|Any CPU
		{A9C26DA4-882C-4BAC-A9AD-F0164B19081B}.Release|Any CPU.ActiveCfg = Release|Any CPU
		{A9C26DA4-882C-4BAC-A9AD-F0164B19081B}.Release|Any CPU.Build.0 = Release|Any CPU
		{61D4ED46-D394-4FBC-9A09-6B338B035C15}.Debug|Any CPU.ActiveCfg = Debug|Any CPU
		{61D4ED46-D394-4FBC-9A09-6B338B035C15}.Debug|Any CPU.Build.0 = Debug|Any CPU
		{61D4ED46-D394-4FBC-9A09-6B338B035C15}.Release|Any CPU.ActiveCfg = Release|Any CPU
		{61D4ED46-D394-4FBC-9A09-6B338B035C15}.Release|Any CPU.Build.0 = Release|Any CPU
		{F7B6159D-2E1E-4566-893C-54E95A5A2B7A}.Debug|Any CPU.ActiveCfg = Debug|Any CPU
		{F7B6159D-2E1E-4566-893C-54E95A5A2B7A}.Debug|Any CPU.Build.0 = Debug|Any CPU
		{F7B6159D-2E1E-4566-893C-54E95A5A2B7A}.Release|Any CPU.ActiveCfg = Release|Any CPU
		{F7B6159D-2E1E-4566-893C-54E95A5A2B7A}.Release|Any CPU.Build.0 = Release|Any CPU
		{4EF784CF-2679-4072-9019-68A5A48E8A7E}.Debug|Any CPU.ActiveCfg = Debug|Any CPU
		{4EF784CF-2679-4072-9019-68A5A48E8A7E}.Debug|Any CPU.Build.0 = Debug|Any CPU
		{4EF784CF-2679-4072-9019-68A5A48E8A7E}.Release|Any CPU.ActiveCfg = Release|Any CPU
		{4EF784CF-2679-4072-9019-68A5A48E8A7E}.Release|Any CPU.Build.0 = Release|Any CPU
	EndGlobalSection
	GlobalSection(SolutionProperties) = preSolution
		HideSolutionNode = FALSE
	EndGlobalSection
	GlobalSection(ExtensibilityGlobals) = postSolution
		SolutionGuid = {E98B552A-ECFA-47BD-B903-AFA4D558ECCE}
	EndGlobalSection
EndGlobal
